{
  "name": "fastTest",
  "lockfileVersion": 2,
  "requires": true,
  "packages": {
    "": {
      "dependencies": {
        "@microsoft/fast-element": "^1.9.0"
      }
    },
    "node_modules/@microsoft/fast-element": {
      "version": "1.9.0",
      "resolved": "https://registry.npmjs.org/@microsoft/fast-element/-/fast-element-1.9.0.tgz",
      "integrity": "sha512-VxDwoLEEQRRxXfLOB5Llzha9WWvjVJHZFHNE1mn2s1QV5IAkOhrYrhFe9vzv50eI6CqazChDyHDy1km3+rn0wg=="
    }
  },
  "dependencies": {
    "@microsoft/fast-element": {
      "version": "1.9.0",
      "resolved": "https://registry.npmjs.org/@microsoft/fast-element/-/fast-element-1.9.0.tgz",
      "integrity": "sha512-VxDwoLEEQRRxXfLOB5Llzha9WWvjVJHZFHNE1mn2s1QV5IAkOhrYrhFe9vzv50eI6CqazChDyHDy1km3+rn0wg=="
    }
  }
}
